
Microsoft Visual Studio Solution File, Format Version 12.00
# Visual Studio Version 16
VisualStudioVersion = 16.0.31410.357
MinimumVisualStudioVersion = 10.0.40219.1
Project("{FAE04EC0-301F-11D3-BF4B-00C04F79EFBC}") = "PhotoTimer_WindowsFormsApp", "PhotoTimer_WindowsFormsApp\PhotoTimer_WindowsFormsApp.csproj", "{582D5B13-A24E-4BCD-BF31-CC2642F6EF9B}"
EndProject
Global
	GlobalSection(SolutionConfigurationPlatforms) = preSolution
		Debug|Any CPU = Debug|Any CPU
		Release|Any CPU = Release|Any CPU
	EndGlobalSection
	GlobalSection(ProjectConfigurationPlatforms) = postSolution
		{582D5B13-A24E-4BCD-BF31-CC2642F6EF9B}.Debug|Any CPU.ActiveCfg = Debug|Any CPU
		{582D5B13-A24E-4BCD-BF31-CC2642F6EF9B}.Debug|Any CPU.Build.0 = Debug|Any CPU
		{582D5B13-A24E-4BCD-BF31-CC2642F6EF9B}.Release|Any CPU.ActiveCfg = Release|Any CPU
		{582D5B13-A24E-4BCD-BF31-CC2642F6EF9B}.Release|Any CPU.Build.0 = Release|Any CPU
	EndGlobalSection
	GlobalSection(SolutionProperties) = preSolution
		HideSolutionNode = FALSE
	EndGlobalSection
	GlobalSection(ExtensibilityGlobals) = postSolution
		SolutionGuid = {95091542-AAF9-4C2D-BB10-58023F810B6C}
	EndGlobalSection
EndGlobal
